
Microsoft Visual Studio Solution File, Format Version 12.00
# Visual Studio 15
VisualStudioVersion = 15.0.27130.2024
MinimumVisualStudioVersion = 10.0.40219.1
Project("{888888A0-9F3D-457C-B088-3A5042F75D52}") = "urban_flood", "urban_flood\urban_flood.pyproj", "{6E8E61E0-E10B-4E34-AB4F-CF8BB794504C}"
EndProject
Global
	GlobalSection(SolutionConfigurationPlatforms) = preSolution
		Debug|Any CPU = Debug|Any CPU
		Release|Any CPU = Release|Any CPU
	EndGlobalSection
	GlobalSection(ProjectConfigurationPlatforms) = postSolution
		{6E8E61E0-E10B-4E34-AB4F-CF8BB794504C}.Debug|Any CPU.ActiveCfg = Debug|Any CPU
		{6E8E61E0-E10B-4E34-AB4F-CF8BB794504C}.Release|Any CPU.ActiveCfg = Release|Any CPU
	EndGlobalSection
	GlobalSection(SolutionProperties) = preSolution
		HideSolutionNode = FALSE
	EndGlobalSection
	GlobalSection(ExtensibilityGlobals) = postSolution
		SolutionGuid = {29B2D5D1-BEF2-4B71-AFC7-8F394B21AF36}
	EndGlobalSection
EndGlobal
